# This file is automatically @generated by Cargo.
# It is not intended for manual editing.
version = 3

[[package]]
name = "capsules"
version = "0.1.0"
dependencies = [
 "enum_primitive",
 "kernel",
 "tickv",
]

[[package]]
name = "components"
version = "0.1.0"
dependencies = [
 "capsules",
 "kernel",
]

[[package]]
name = "cortexm"
version = "0.1.0"
dependencies = [
 "kernel",
]

[[package]]
name = "cortexm4"
version = "0.1.0"
dependencies = [
 "cortexm",
 "kernel",
]

[[package]]
name = "drivers"
version = "0.1.0"
dependencies = [
 "enum_primitive",
 "kernel",
 "tickv",
]

[[package]]
name = "enum_primitive"
version = "0.1.0"

[[package]]
name = "kernel"
version = "0.1.0"
dependencies = [
 "tock-cells",
 "tock-registers",
 "tock-tbf",
]

[[package]]
name = "microbit_v2"
version = "0.1.0"
dependencies = [
 "capsules",
 "components",
 "cortexm4",
 "drivers",
 "kernel",
 "nrf52",
 "nrf52833",
 "nrf52_components",
]

[[package]]
name = "nrf52"
version = "0.1.0"
dependencies = [
 "cortexm4",
 "enum_primitive",
 "kernel",
 "nrf5x",
]

[[package]]
name = "nrf52833"
version = "0.1.0"
dependencies = [
 "cortexm4",
 "kernel",
 "nrf52",
]

[[package]]
name = "nrf52_components"
version = "0.1.0"
dependencies = [
 "capsules",
 "components",
 "cortexm4",
 "kernel",
 "nrf52",
]

[[package]]
name = "nrf5x"
version = "0.1.0"
dependencies = [
 "enum_primitive",
 "kernel",
]

[[package]]
name = "tickv"
version = "0.1.0"

[[package]]
name = "tock-cells"
version = "0.1.0"

[[package]]
name = "tock-registers"
version = "0.7.0"

[[package]]
name = "tock-tbf"
version = "0.1.0"
