# This file is automatically @generated by Cargo.
# It is not intended for manual editing.
version = 3

[[package]]
name = "drivers"
version = "0.1.0"
dependencies = [
 "enum_primitive",
 "kernel",
 "tickv",
]

[[package]]
name = "enum_primitive"
version = "0.1.0"

[[package]]
name = "kernel"
version = "0.1.0"
dependencies = [
 "tock-cells",
 "tock-registers",
 "tock-tbf",
]

[[package]]
name = "tickv"
version = "0.1.0"

[[package]]
name = "tock-cells"
version = "0.1.0"

[[package]]
name = "tock-registers"
version = "0.7.0"

[[package]]
name = "tock-tbf"
version = "0.1.0"
